
Microsoft Visual Studio Solution File, Format Version 12.00
# Visual Studio 15
VisualStudioVersion = 15.0.26228.10
MinimumVisualStudioVersion = 10.0.40219.1
Project("{FAE04EC0-301F-11D3-BF4B-00C04F79EFBC}") = "App1.Android", "App1\App1.Android\App1.Android.csproj", "{3A49A2BC-B6FB-4620-B684-9BD08810095C}"
EndProject
Project("{FAE04EC0-301F-11D3-BF4B-00C04F79EFBC}") = "App1", "App1\App1\App1.csproj", "{6FA9FA92-1725-4164-BE8D-01CE162C7EFE}"
EndProject
Project("{FAE04EC0-301F-11D3-BF4B-00C04F79EFBC}") = "App1.UWP", "App1\App1.UWP\App1.UWP.csproj", "{9BD8FE98-FEB4-4D2C-B177-2736255E2963}"
EndProject
Project("{FAE04EC0-301F-11D3-BF4B-00C04F79EFBC}") = "App1.iOS", "App1\App1.iOS\App1.iOS.csproj", "{8F55F255-019E-4496-9524-1CF85AD10886}"
EndProject
Global
	GlobalSection(SolutionConfigurationPlatforms) = preSolution
		Ad-Hoc|Any CPU = Ad-Hoc|Any CPU
		Ad-Hoc|ARM = Ad-Hoc|ARM
		Ad-Hoc|iPhone = Ad-Hoc|iPhone
		Ad-Hoc|iPhoneSimulator = Ad-Hoc|iPhoneSimulator
		Ad-Hoc|x64 = Ad-Hoc|x64
		Ad-Hoc|x86 = Ad-Hoc|x86
		AppStore|Any CPU = AppStore|Any CPU
		AppStore|ARM = AppStore|ARM
		AppStore|iPhone = AppStore|iPhone
		AppStore|iPhoneSimulator = AppStore|iPhoneSimulator
		AppStore|x64 = AppStore|x64
		AppStore|x86 = AppStore|x86
		Debug|Any CPU = Debug|Any CPU
		Debug|ARM = Debug|ARM
		Debug|iPhone = Debug|iPhone
		Debug|iPhoneSimulator = Debug|iPhoneSimulator
		Debug|x64 = Debug|x64
		Debug|x86 = Debug|x86
		Release|Any CPU = Release|Any CPU
		Release|ARM = Release|ARM
		Release|iPhone = Release|iPhone
		Release|iPhoneSimulator = Release|iPhoneSimulator
		Release|x64 = Release|x64
		Release|x86 = Release|x86
	EndGlobalSection
	GlobalSection(ProjectConfigurationPlatforms) = postSolution
		{3A49A2BC-B6FB-4620-B684-9BD08810095C}.Ad-Hoc|Any CPU.ActiveCfg = Release|Any CPU
		{3A49A2BC-B6FB-4620-B684-9BD08810095C}.Ad-Hoc|Any CPU.Build.0 = Release|Any CPU
		{3A49A2BC-B6FB-4620-B684-9BD08810095C}.Ad-Hoc|Any CPU.Deploy.0 = Release|Any CPU
		{3A49A2BC-B6FB-4620-B684-9BD08810095C}.Ad-Hoc|ARM.ActiveCfg = Release|Any CPU
		{3A49A2BC-B6FB-4620-B684-9BD08810095C}.Ad-Hoc|ARM.Build.0 = Release|Any CPU
		{3A49A2BC-B6FB-4620-B684-9BD08810095C}.Ad-Hoc|ARM.Deploy.0 = Release|Any CPU
		{3A49A2BC-B6FB-4620-B684-9BD08810095C}.Ad-Hoc|iPhone.ActiveCfg = Release|Any CPU
		{3A49A2BC-B6FB-4620-B684-9BD08810095C}.Ad-Hoc|iPhone.Build.0 = Release|Any CPU
		{3A49A2BC-B6FB-4620-B684-9BD08810095C}.Ad-Hoc|iPhone.Deploy.0 = Release|Any CPU
		{3A49A2BC-B6FB-4620-B684-9BD08810095C}.Ad-Hoc|iPhoneSimulator.ActiveCfg = Release|Any CPU
		{3A49A2BC-B6FB-4620-B684-9BD08810095C}.Ad-Hoc|iPhoneSimulator.Build.0 = Release|Any CPU
		{3A49A2BC-B6FB-4620-B684-9BD08810095C}.Ad-Hoc|iPhoneSimulator.Deploy.0 = Release|Any CPU
		{3A49A2BC-B6FB-4620-B684-9BD08810095C}.Ad-Hoc|x64.ActiveCfg = Release|Any CPU
		{3A49A2BC-B6FB-4620-B684-9BD08810095C}.Ad-Hoc|x64.Build.0 = Release|Any CPU
		{3A49A2BC-B6FB-4620-B684-9BD08810095C}.Ad-Hoc|x64.Deploy.0 = Release|Any CPU
		{3A49A2BC-B6FB-4620-B684-9BD08810095C}.Ad-Hoc|x86.ActiveCfg = Release|Any CPU
		{3A49A2BC-B6FB-4620-B684-9BD08810095C}.Ad-Hoc|x86.Build.0 = Release|Any CPU
		{3A49A2BC-B6FB-4620-B684-9BD08810095C}.Ad-Hoc|x86.Deploy.0 = Release|Any CPU
		{3A49A2BC-B6FB-4620-B684-9BD08810095C}.AppStore|Any CPU.ActiveCfg = Release|Any CPU
		{3A49A2BC-B6FB-4620-B684-9BD08810095C}.AppStore|Any CPU.Build.0 = Release|Any CPU
		{3A49A2BC-B6FB-4620-B684-9BD08810095C}.AppStore|Any CPU.Deploy.0 = Release|Any CPU
		{3A49A2BC-B6FB-4620-B684-9BD08810095C}.AppStore|ARM.ActiveCfg = Release|Any CPU
		{3A49A2BC-B6FB-4620-B684-9BD08810095C}.AppStore|ARM.Build.0 = Release|Any CPU
		{3A49A2BC-B6FB-4620-B684-9BD08810095C}.AppStore|ARM.Deploy.0 = Release|Any CPU
		{3A49A2BC-B6FB-4620-B684-9BD08810095C}.AppStore|iPhone.ActiveCfg = Release|Any CPU
		{3A49A2BC-B6FB-4620-B684-9BD08810095C}.AppStore|iPhone.Build.0 = Release|Any CPU
		{3A49A2BC-B6FB-4620-B684-9BD08810095C}.AppStore|iPhone.Deploy.0 = Release|Any CPU
		{3A49A2BC-B6FB-4620-B684-9BD08810095C}.AppStore|iPhoneSimulator.ActiveCfg = Release|Any CPU
		{3A49A2BC-B6FB-4620-B684-9BD08810095C}.AppStore|iPhoneSimulator.Build.0 = Release|Any CPU
		{3A49A2BC-B6FB-4620-B684-9BD08810095C}.AppStore|iPhoneSimulator.Deploy.0 = Release|Any CPU
		{3A49A2BC-B6FB-4620-B684-9BD08810095C}.AppStore|x64.ActiveCfg = Release|Any CPU
		{3A49A2BC-B6FB-4620-B684-9BD08810095C}.AppStore|x64.Build.0 = Release|Any CPU
		{3A49A2BC-B6FB-4620-B684-9BD08810095C}.AppStore|x64.Deploy.0 = Release|Any CPU
		{3A49A2BC-B6FB-4620-B684-9BD08810095C}.AppStore|x86.ActiveCfg = Release|Any CPU
		{3A49A2BC-B6FB-4620-B684-9BD08810095C}.AppStore|x86.Build.0 = Release|Any CPU
		{3A49A2BC-B6FB-4620-B684-9BD08810095C}.AppStore|x86.Deploy.0 = Release|Any CPU
		{3A49A2BC-B6FB-4620-B684-9BD08810095C}.Debug|Any CPU.ActiveCfg = Debug|Any CPU
		{3A49A2BC-B6FB-4620-B684-9BD08810095C}.Debug|Any CPU.Build.0 = Debug|Any CPU
		{3A49A2BC-B6FB-4620-B684-9BD08810095C}.Debug|Any CPU.Deploy.0 = Debug|Any CPU
		{3A49A2BC-B6FB-4620-B684-9BD08810095C}.Debug|ARM.ActiveCfg = Debug|Any CPU
		{3A49A2BC-B6FB-4620-B684-9BD08810095C}.Debug|ARM.Build.0 = Debug|Any CPU
		{3A49A2BC-B6FB-4620-B684-9BD08810095C}.Debug|ARM.Deploy.0 = Debug|Any CPU
		{3A49A2BC-B6FB-4620-B684-9BD08810095C}.Debug|iPhone.ActiveCfg = Debug|Any CPU
		{3A49A2BC-B6FB-4620-B684-9BD08810095C}.Debug|iPhone.Build.0 = Debug|Any CPU
		{3A49A2BC-B6FB-4620-B684-9BD08810095C}.Debug|iPhone.Deploy.0 = Debug|Any CPU
		{3A49A2BC-B6FB-4620-B684-9BD08810095C}.Debug|iPhoneSimulator.ActiveCfg = Debug|Any CPU
		{3A49A2BC-B6FB-4620-B684-9BD08810095C}.Debug|iPhoneSimulator.Build.0 = Debug|Any CPU
		{3A49A2BC-B6FB-4620-B684-9BD08810095C}.Debug|iPhoneSimulator.Deploy.0 = Debug|Any CPU
		{3A49A2BC-B6FB-4620-B684-9BD08810095C}.Debug|x64.ActiveCfg = Debug|Any CPU
		{3A49A2BC-B6FB-4620-B684-9BD08810095C}.Debug|x64.Build.0 = Debug|Any CPU
		{3A49A2BC-B6FB-4620-B684-9BD08810095C}.Debug|x64.Deploy.0 = Debug|Any CPU
		{3A49A2BC-B6FB-4620-B684-9BD08810095C}.Debug|x86.ActiveCfg = Debug|Any CPU
		{3A49A2BC-B6FB-4620-B684-9BD08810095C}.Debug|x86.Build.0 = Debug|Any CPU
		{3A49A2BC-B6FB-4620-B684-9BD08810095C}.Debug|x86.Deploy.0 = Debug|Any CPU
		{3A49A2BC-B6FB-4620-B684-9BD08810095C}.Release|Any CPU.ActiveCfg = Release|Any CPU
		{3A49A2BC-B6FB-4620-B684-9BD08810095C}.Release|Any CPU.Build.0 = Release|Any CPU
		{3A49A2BC-B6FB-4620-B684-9BD08810095C}.Release|Any CPU.Deploy.0 = Release|Any CPU
		{3A49A2BC-B6FB-4620-B684-9BD08810095C}.Release|ARM.ActiveCfg = Release|Any CPU
		{3A49A2BC-B6FB-4620-B684-9BD08810095C}.Release|ARM.Build.0 = Release|Any CPU
		{3A49A2BC-B6FB-4620-B684-9BD08810095C}.Release|ARM.Deploy.0 = Release|Any CPU
		{3A49A2BC-B6FB-4620-B684-9BD08810095C}.Release|iPhone.ActiveCfg = Release|Any CPU
		{3A49A2BC-B6FB-4620-B684-9BD08810095C}.Release|iPhone.Build.0 = Release|Any CPU
		{3A49A2BC-B6FB-4620-B684-9BD08810095C}.Release|iPhone.Deploy.0 = Release|Any CPU
		{3A49A2BC-B6FB-4620-B684-9BD08810095C}.Release|iPhoneSimulator.ActiveCfg = Release|Any CPU
		{3A49A2BC-B6FB-4620-B684-9BD08810095C}.Release|iPhoneSimulator.Build.0 = Release|Any CPU
		{3A49A2BC-B6FB-4620-B684-9BD08810095C}.Release|iPhoneSimulator.Deploy.0 = Release|Any CPU
		{3A49A2BC-B6FB-4620-B684-9BD08810095C}.Release|x64.ActiveCfg = Release|Any CPU
		{3A49A2BC-B6FB-4620-B684-9BD08810095C}.Release|x64.Build.0 = Release|Any CPU
		{3A49A2BC-B6FB-4620-B684-9BD08810095C}.Release|x64.Deploy.0 = Release|Any CPU
		{3A49A2BC-B6FB-4620-B684-9BD08810095C}.Release|x86.ActiveCfg = Release|Any CPU
		{3A49A2BC-B6FB-4620-B684-9BD08810095C}.Release|x86.Build.0 = Release|Any CPU
		{3A49A2BC-B6FB-4620-B684-9BD08810095C}.Release|x86.Deploy.0 = Release|Any CPU
		{6FA9FA92-1725-4164-BE8D-01CE162C7EFE}.Ad-Hoc|Any CPU.ActiveCfg = Release|Any CPU
		{6FA9FA92-1725-4164-BE8D-01CE162C7EFE}.Ad-Hoc|Any CPU.Build.0 = Release|Any CPU
		{6FA9FA92-1725-4164-BE8D-01CE162C7EFE}.Ad-Hoc|ARM.ActiveCfg = Release|Any CPU
		{6FA9FA92-1725-4164-BE8D-01CE162C7EFE}.Ad-Hoc|ARM.Build.0 = Release|Any CPU
		{6FA9FA92-1725-4164-BE8D-01CE162C7EFE}.Ad-Hoc|iPhone.ActiveCfg = Release|Any CPU
		{6FA9FA92-1725-4164-BE8D-01CE162C7EFE}.Ad-Hoc|iPhone.Build.0 = Release|Any CPU
		{6FA9FA92-1725-4164-BE8D-01CE162C7EFE}.Ad-Hoc|iPhoneSimulator.ActiveCfg = Release|Any CPU
		{6FA9FA92-1725-4164-BE8D-01CE162C7EFE}.Ad-Hoc|iPhoneSimulator.Build.0 = Release|Any CPU
		{6FA9FA92-1725-4164-BE8D-01CE162C7EFE}.Ad-Hoc|x64.ActiveCfg = Release|Any CPU
		{6FA9FA92-1725-4164-BE8D-01CE162C7EFE}.Ad-Hoc|x64.Build.0 = Release|Any CPU
		{6FA9FA92-1725-4164-BE8D-01CE162C7EFE}.Ad-Hoc|x86.ActiveCfg = Release|Any CPU
		{6FA9FA92-1725-4164-BE8D-01CE162C7EFE}.Ad-Hoc|x86.Build.0 = Release|Any CPU
		{6FA9FA92-1725-4164-BE8D-01CE162C7EFE}.AppStore|Any CPU.ActiveCfg = Release|Any CPU
		{6FA9FA92-1725-4164-BE8D-01CE162C7EFE}.AppStore|Any CPU.Build.0 = Release|Any CPU
		{6FA9FA92-1725-4164-BE8D-01CE162C7EFE}.AppStore|ARM.ActiveCfg = Release|Any CPU
		{6FA9FA92-1725-4164-BE8D-01CE162C7EFE}.AppStore|ARM.Build.0 = Release|Any CPU
		{6FA9FA92-1725-4164-BE8D-01CE162C7EFE}.AppStore|iPhone.ActiveCfg = Release|Any CPU
		{6FA9FA92-1725-4164-BE8D-01CE162C7EFE}.AppStore|iPhone.Build.0 = Release|Any CPU
		{6FA9FA92-1725-4164-BE8D-01CE162C7EFE}.AppStore|iPhoneSimulator.ActiveCfg = Release|Any CPU
		{6FA9FA92-1725-4164-BE8D-01CE162C7EFE}.AppStore|iPhoneSimulator.Build.0 = Release|Any CPU
		{6FA9FA92-1725-4164-BE8D-01CE162C7EFE}.AppStore|x64.ActiveCfg = Release|Any CPU
		{6FA9FA92-1725-4164-BE8D-01CE162C7EFE}.AppStore|x64.Build.0 = Release|Any CPU
		{6FA9FA92-1725-4164-BE8D-01CE162C7EFE}.AppStore|x86.ActiveCfg = Release|Any CPU
		{6FA9FA92-1725-4164-BE8D-01CE162C7EFE}.AppStore|x86.Build.0 = Release|Any CPU
		{6FA9FA92-1725-4164-BE8D-01CE162C7EFE}.Debug|Any CPU.ActiveCfg = Debug|Any CPU
		{6FA9FA92-1725-4164-BE8D-01CE162C7EFE}.Debug|Any CPU.Build.0 = Debug|Any CPU
		{6FA9FA92-1725-4164-BE8D-01CE162C7EFE}.Debug|ARM.ActiveCfg = Debug|Any CPU
		{6FA9FA92-1725-4164-BE8D-01CE162C7EFE}.Debug|ARM.Build.0 = Debug|Any CPU
		{6FA9FA92-1725-4164-BE8D-01CE162C7EFE}.Debug|iPhone.ActiveCfg = Debug|Any CPU
		{6FA9FA92-1725-4164-BE8D-01CE162C7EFE}.Debug|iPhone.Build.0 = Debug|Any CPU
		{6FA9FA92-1725-4164-BE8D-01CE162C7EFE}.Debug|iPhoneSimulator.ActiveCfg = Debug|Any CPU
		{6FA9FA92-1725-4164-BE8D-01CE162C7EFE}.Debug|iPhoneSimulator.Build.0 = Debug|Any CPU
		{6FA9FA92-1725-4164-BE8D-01CE162C7EFE}.Debug|x64.ActiveCfg = Debug|Any CPU
		{6FA9FA92-1725-4164-BE8D-01CE162C7EFE}.Debug|x64.Build.0 = Debug|Any CPU
		{6FA9FA92-1725-4164-BE8D-01CE162C7EFE}.Debug|x86.ActiveCfg = Debug|Any CPU
		{6FA9FA92-1725-4164-BE8D-01CE162C7EFE}.Debug|x86.Build.0 = Debug|Any CPU
		{6FA9FA92-1725-4164-BE8D-01CE162C7EFE}.Release|Any CPU.ActiveCfg = Release|Any CPU
		{6FA9FA92-1725-4164-BE8D-01CE162C7EFE}.Release|Any CPU.Build.0 = Release|Any CPU
		{6FA9FA92-1725-4164-BE8D-01CE162C7EFE}.Release|ARM.ActiveCfg = Release|Any CPU
		{6FA9FA92-1725-4164-BE8D-01CE162C7EFE}.Release|ARM.Build.0 = Release|Any CPU
		{6FA9FA92-1725-4164-BE8D-01CE162C7EFE}.Release|iPhone.ActiveCfg = Release|Any CPU
		{6FA9FA92-1725-4164-BE8D-01CE162C7EFE}.Release|iPhone.Build.0 = Release|Any CPU
		{6FA9FA92-1725-4164-BE8D-01CE162C7EFE}.Release|iPhoneSimulator.ActiveCfg = Release|Any CPU
		{6FA9FA92-1725-4164-BE8D-01CE162C7EFE}.Release|iPhoneSimulator.Build.0 = Release|Any CPU
		{6FA9FA92-1725-4164-BE8D-01CE162C7EFE}.Release|x64.ActiveCfg = Release|Any CPU
		{6FA9FA92-1725-4164-BE8D-01CE162C7EFE}.Release|x64.Build.0 = Release|Any CPU
		{6FA9FA92-1725-4164-BE8D-01CE162C7EFE}.Release|x86.ActiveCfg = Release|Any CPU
		{6FA9FA92-1725-4164-BE8D-01CE162C7EFE}.Release|x86.Build.0 = Release|Any CPU
		{9BD8FE98-FEB4-4D2C-B177-2736255E2963}.Ad-Hoc|Any CPU.ActiveCfg = Release|x86
		{9BD8FE98-FEB4-4D2C-B177-2736255E2963}.Ad-Hoc|Any CPU.Build.0 = Release|x86
		{9BD8FE98-FEB4-4D2C-B177-2736255E2963}.Ad-Hoc|Any CPU.Deploy.0 = Release|x86
		{9BD8FE98-FEB4-4D2C-B177-2736255E2963}.Ad-Hoc|ARM.ActiveCfg = Release|ARM
		{9BD8FE98-FEB4-4D2C-B177-2736255E2963}.Ad-Hoc|ARM.Build.0 = Release|ARM
		{9BD8FE98-FEB4-4D2C-B177-2736255E2963}.Ad-Hoc|ARM.Deploy.0 = Release|ARM
		{9BD8FE98-FEB4-4D2C-B177-2736255E2963}.Ad-Hoc|iPhone.ActiveCfg = Release|x86
		{9BD8FE98-FEB4-4D2C-B177-2736255E2963}.Ad-Hoc|iPhone.Build.0 = Release|x86
		{9BD8FE98-FEB4-4D2C-B177-2736255E2963}.Ad-Hoc|iPhone.Deploy.0 = Release|x86
		{9BD8FE98-FEB4-4D2C-B177-2736255E2963}.Ad-Hoc|iPhoneSimulator.ActiveCfg = Release|x86
		{9BD8FE98-FEB4-4D2C-B177-2736255E2963}.Ad-Hoc|iPhoneSimulator.Build.0 = Release|x86
		{9BD8FE98-FEB4-4D2C-B177-2736255E2963}.Ad-Hoc|iPhoneSimulator.Deploy.0 = Release|x86
		{9BD8FE98-FEB4-4D2C-B177-2736255E2963}.Ad-Hoc|x64.ActiveCfg = Release|x64
		{9BD8FE98-FEB4-4D2C-B177-2736255E2963}.Ad-Hoc|x64.Build.0 = Release|x64
		{9BD8FE98-FEB4-4D2C-B177-2736255E2963}.Ad-Hoc|x64.Deploy.0 = Release|x64
		{9BD8FE98-FEB4-4D2C-B177-2736255E2963}.Ad-Hoc|x86.ActiveCfg = Release|x86
		{9BD8FE98-FEB4-4D2C-B177-2736255E2963}.Ad-Hoc|x86.Build.0 = Release|x86
		{9BD8FE98-FEB4-4D2C-B177-2736255E2963}.Ad-Hoc|x86.Deploy.0 = Release|x86
		{9BD8FE98-FEB4-4D2C-B177-2736255E2963}.AppStore|Any CPU.ActiveCfg = Release|x86
		{9BD8FE98-FEB4-4D2C-B177-2736255E2963}.AppStore|Any CPU.Build.0 = Release|x86
		{9BD8FE98-FEB4-4D2C-B177-2736255E2963}.AppStore|Any CPU.Deploy.0 = Release|x86
		{9BD8FE98-FEB4-4D2C-B177-2736255E2963}.AppStore|ARM.ActiveCfg = Release|ARM
		{9BD8FE98-FEB4-4D2C-B177-2736255E2963}.AppStore|ARM.Build.0 = Release|ARM
		{9BD8FE98-FEB4-4D2C-B177-2736255E2963}.AppStore|ARM.Deploy.0 = Release|ARM
		{9BD8FE98-FEB4-4D2C-B177-2736255E2963}.AppStore|iPhone.ActiveCfg = Release|x86
		{9BD8FE98-FEB4-4D2C-B177-2736255E2963}.AppStore|iPhone.Build.0 = Release|x86
		{9BD8FE98-FEB4-4D2C-B177-2736255E2963}.AppStore|iPhone.Deploy.0 = Release|x86
		{9BD8FE98-FEB4-4D2C-B177-2736255E2963}.AppStore|iPhoneSimulator.ActiveCfg = Release|x86
		{9BD8FE98-FEB4-4D2C-B177-2736255E2963}.AppStore|iPhoneSimulator.Build.0 = Release|x86
		{9BD8FE98-FEB4-4D2C-B177-2736255E2963}.AppStore|iPhoneSimulator.Deploy.0 = Release|x86
		{9BD8FE98-FEB4-4D2C-B177-2736255E2963}.AppStore|x64.ActiveCfg = Release|x64
		{9BD8FE98-FEB4-4D2C-B177-2736255E2963}.AppStore|x64.Build.0 = Release|x64
		{9BD8FE98-FEB4-4D2C-B177-2736255E2963}.AppStore|x64.Deploy.0 = Release|x64
		{9BD8FE98-FEB4-4D2C-B177-2736255E2963}.AppStore|x86.ActiveCfg = Release|x86
		{9BD8FE98-FEB4-4D2C-B177-2736255E2963}.AppStore|x86.Build.0 = Release|x86
		{9BD8FE98-FEB4-4D2C-B177-2736255E2963}.AppStore|x86.Deploy.0 = Release|x86
		{9BD8FE98-FEB4-4D2C-B177-2736255E2963}.Debug|Any CPU.ActiveCfg = Debug|x86
		{9BD8FE98-FEB4-4D2C-B177-2736255E2963}.Debug|ARM.ActiveCfg = Debug|ARM
		{9BD8FE98-FEB4-4D2C-B177-2736255E2963}.Debug|ARM.Build.0 = Debug|ARM
		{9BD8FE98-FEB4-4D2C-B177-2736255E2963}.Debug|ARM.Deploy.0 = Debug|ARM
		{9BD8FE98-FEB4-4D2C-B177-2736255E2963}.Debug|iPhone.ActiveCfg = Debug|x86
		{9BD8FE98-FEB4-4D2C-B177-2736255E2963}.Debug|iPhoneSimulator.ActiveCfg = Debug|x86
		{9BD8FE98-FEB4-4D2C-B177-2736255E2963}.Debug|x64.ActiveCfg = Debug|x64
		{9BD8FE98-FEB4-4D2C-B177-2736255E2963}.Debug|x64.Build.0 = Debug|x64
		{9BD8FE98-FEB4-4D2C-B177-2736255E2963}.Debug|x64.Deploy.0 = Debug|x64
		{9BD8FE98-FEB4-4D2C-B177-2736255E2963}.Debug|x86.ActiveCfg = Debug|x86
		{9BD8FE98-FEB4-4D2C-B177-2736255E2963}.Debug|x86.Build.0 = Debug|x86
		{9BD8FE98-FEB4-4D2C-B177-2736255E2963}.Debug|x86.Deploy.0 = Debug|x86
		{9BD8FE98-FEB4-4D2C-B177-2736255E2963}.Release|Any CPU.ActiveCfg = Release|x86
		{9BD8FE98-FEB4-4D2C-B177-2736255E2963}.Release|ARM.ActiveCfg = Release|ARM
		{9BD8FE98-FEB4-4D2C-B177-2736255E2963}.Release|ARM.Build.0 = Release|ARM
		{9BD8FE98-FEB4-4D2C-B177-2736255E2963}.Release|ARM.Deploy.0 = Release|ARM
		{9BD8FE98-FEB4-4D2C-B177-2736255E2963}.Release|iPhone.ActiveCfg = Release|x86
		{9BD8FE98-FEB4-4D2C-B177-2736255E2963}.Release|iPhoneSimulator.ActiveCfg = Release|x86
		{9BD8FE98-FEB4-4D2C-B177-2736255E2963}.Release|x64.ActiveCfg = Release|x64
		{9BD8FE98-FEB4-4D2C-B177-2736255E2963}.Release|x64.Build.0 = Release|x64
		{9BD8FE98-FEB4-4D2C-B177-2736255E2963}.Release|x64.Deploy.0 = Release|x64
		{9BD8FE98-FEB4-4D2C-B177-2736255E2963}.Release|x86.ActiveCfg = Release|x86
		{9BD8FE98-FEB4-4D2C-B177-2736255E2963}.Release|x86.Build.0 = Release|x86
		{9BD8FE98-FEB4-4D2C-B177-2736255E2963}.Release|x86.Deploy.0 = Release|x86
		{8F55F255-019E-4496-9524-1CF85AD10886}.Ad-Hoc|Any CPU.ActiveCfg = Ad-Hoc|iPhone
		{8F55F255-019E-4496-9524-1CF85AD10886}.Ad-Hoc|ARM.ActiveCfg = Ad-Hoc|iPhone
		{8F55F255-019E-4496-9524-1CF85AD10886}.Ad-Hoc|iPhone.ActiveCfg = Ad-Hoc|iPhone
		{8F55F255-019E-4496-9524-1CF85AD10886}.Ad-Hoc|iPhone.Build.0 = Ad-Hoc|iPhone
		{8F55F255-019E-4496-9524-1CF85AD10886}.Ad-Hoc|iPhoneSimulator.ActiveCfg = Ad-Hoc|iPhoneSimulator
		{8F55F255-019E-4496-9524-1CF85AD10886}.Ad-Hoc|iPhoneSimulator.Build.0 = Ad-Hoc|iPhoneSimulator
		{8F55F255-019E-4496-9524-1CF85AD10886}.Ad-Hoc|x64.ActiveCfg = Ad-Hoc|iPhone
		{8F55F255-019E-4496-9524-1CF85AD10886}.Ad-Hoc|x86.ActiveCfg = Ad-Hoc|iPhone
		{8F55F255-019E-4496-9524-1CF85AD10886}.AppStore|Any CPU.ActiveCfg = AppStore|iPhone
		{8F55F255-019E-4496-9524-1CF85AD10886}.AppStore|ARM.ActiveCfg = AppStore|iPhone
		{8F55F255-019E-4496-9524-1CF85AD10886}.AppStore|iPhone.ActiveCfg = AppStore|iPhone
		{8F55F255-019E-4496-9524-1CF85AD10886}.AppStore|iPhone.Build.0 = AppStore|iPhone
		{8F55F255-019E-4496-9524-1CF85AD10886}.AppStore|iPhoneSimulator.ActiveCfg = AppStore|iPhoneSimulator
		{8F55F255-019E-4496-9524-1CF85AD10886}.AppStore|iPhoneSimulator.Build.0 = AppStore|iPhoneSimulator
		{8F55F255-019E-4496-9524-1CF85AD10886}.AppStore|x64.ActiveCfg = AppStore|iPhone
		{8F55F255-019E-4496-9524-1CF85AD10886}.AppStore|x86.ActiveCfg = AppStore|iPhone
		{8F55F255-019E-4496-9524-1CF85AD10886}.Debug|Any CPU.ActiveCfg = Debug|iPhone
		{8F55F255-019E-4496-9524-1CF85AD10886}.Debug|ARM.ActiveCfg = Debug|iPhone
		{8F55F255-019E-4496-9524-1CF85AD10886}.Debug|iPhone.ActiveCfg = Debug|iPhone
		{8F55F255-019E-4496-9524-1CF85AD10886}.Debug|iPhone.Build.0 = Debug|iPhone
		{8F55F255-019E-4496-9524-1CF85AD10886}.Debug|iPhoneSimulator.ActiveCfg = Debug|iPhoneSimulator
		{8F55F255-019E-4496-9524-1CF85AD10886}.Debug|iPhoneSimulator.Build.0 = Debug|iPhoneSimulator
		{8F55F255-019E-4496-9524-1CF85AD10886}.Debug|x64.ActiveCfg = Debug|iPhone
		{8F55F255-019E-4496-9524-1CF85AD10886}.Debug|x86.ActiveCfg = Debug|iPhone
		{8F55F255-019E-4496-9524-1CF85AD10886}.Release|Any CPU.ActiveCfg = Release|iPhone
		{8F55F255-019E-4496-9524-1CF85AD10886}.Release|ARM.ActiveCfg = Release|iPhone
		{8F55F255-019E-4496-9524-1CF85AD10886}.Release|iPhone.ActiveCfg = Release|iPhone
		{8F55F255-019E-4496-9524-1CF85AD10886}.Release|iPhone.Build.0 = Release|iPhone
		{8F55F255-019E-4496-9524-1CF85AD10886}.Release|iPhoneSimulator.ActiveCfg = Release|iPhoneSimulator
		{8F55F255-019E-4496-9524-1CF85AD10886}.Release|iPhoneSimulator.Build.0 = Release|iPhoneSimulator
		{8F55F255-019E-4496-9524-1CF85AD10886}.Release|x64.ActiveCfg = Release|iPhone
		{8F55F255-019E-4496-9524-1CF85AD10886}.Release|x86.ActiveCfg = Release|iPhone
	EndGlobalSection
	GlobalSection(SolutionProperties) = preSolution
		HideSolutionNode = FALSE
	EndGlobalSection
EndGlobal
